
Microsoft Visual Studio Solution File, Format Version 12.00
# Visual Studio Version 17
VisualStudioVersion = 17.7.34031.279
MinimumVisualStudioVersion = 10.0.40219.1
Project("{FAE04EC0-301F-11D3-BF4B-00C04F79EFBC}") = "D01_Enum", "D01_Enum\D01_Enum.csproj", "{BD5593C0-6E5D-478C-904D-7B1C762B9503}"
EndProject
Project("{FAE04EC0-301F-11D3-BF4B-00C04F79EFBC}") = "D00_Utility", "D00_Utility\D00_Utility.csproj", "{F9BDE1AA-9E8B-48CB-A240-4CF0C547EEF8}"
EndProject
Global
	GlobalSection(SolutionConfigurationPlatforms) = preSolution
		Debug|Any CPU = Debug|Any CPU
		Release|Any CPU = Release|Any CPU
	EndGlobalSection
	GlobalSection(ProjectConfigurationPlatforms) = postSolution
		{BD5593C0-6E5D-478C-904D-7B1C762B9503}.Debug|Any CPU.ActiveCfg = Debug|Any CPU
		{BD5593C0-6E5D-478C-904D-7B1C762B9503}.Debug|Any CPU.Build.0 = Debug|Any CPU
		{BD5593C0-6E5D-478C-904D-7B1C762B9503}.Release|Any CPU.ActiveCfg = Release|Any CPU
		{BD5593C0-6E5D-478C-904D-7B1C762B9503}.Release|Any CPU.Build.0 = Release|Any CPU
		{F9BDE1AA-9E8B-48CB-A240-4CF0C547EEF8}.Debug|Any CPU.ActiveCfg = Debug|Any CPU
		{F9BDE1AA-9E8B-48CB-A240-4CF0C547EEF8}.Debug|Any CPU.Build.0 = Debug|Any CPU
		{F9BDE1AA-9E8B-48CB-A240-4CF0C547EEF8}.Release|Any CPU.ActiveCfg = Release|Any CPU
		{F9BDE1AA-9E8B-48CB-A240-4CF0C547EEF8}.Release|Any CPU.Build.0 = Release|Any CPU
	EndGlobalSection
	GlobalSection(SolutionProperties) = preSolution
		HideSolutionNode = FALSE
	EndGlobalSection
	GlobalSection(ExtensibilityGlobals) = postSolution
		SolutionGuid = {02A2E336-823E-410C-8DBF-F0F5F06CB70B}
	EndGlobalSection
EndGlobal
